
Microsoft Visual Studio Solution File, Format Version 12.00
# Visual Studio Version 16
VisualStudioVersion = 16.0.31515.178
MinimumVisualStudioVersion = 10.0.40219.1
Project("{FAE04EC0-301F-11D3-BF4B-00C04F79EFBC}") = "Legos", "Legos\Legos.csproj", "{05E5F0C4-7CDE-40ED-A512-2C97C51260CC}"
EndProject
Global
	GlobalSection(SolutionConfigurationPlatforms) = preSolution
		Debug|Any CPU = Debug|Any CPU
		Release|Any CPU = Release|Any CPU
	EndGlobalSection
	GlobalSection(ProjectConfigurationPlatforms) = postSolution
		{05E5F0C4-7CDE-40ED-A512-2C97C51260CC}.Debug|Any CPU.ActiveCfg = Debug|Any CPU
		{05E5F0C4-7CDE-40ED-A512-2C97C51260CC}.Debug|Any CPU.Build.0 = Debug|Any CPU
		{05E5F0C4-7CDE-40ED-A512-2C97C51260CC}.Release|Any CPU.ActiveCfg = Release|Any CPU
		{05E5F0C4-7CDE-40ED-A512-2C97C51260CC}.Release|Any CPU.Build.0 = Release|Any CPU
	EndGlobalSection
	GlobalSection(SolutionProperties) = preSolution
		HideSolutionNode = FALSE
	EndGlobalSection
	GlobalSection(ExtensibilityGlobals) = postSolution
		SolutionGuid = {8ABB864D-20EB-40E3-A4D8-64304B64A1F3}
	EndGlobalSection
EndGlobal
